
Microsoft Visual Studio Solution File, Format Version 12.00
# Visual Studio Version 16
VisualStudioVersion = 25.0.1706.3
MinimumVisualStudioVersion = 10.0.40219.1
Project("{2150E333-8FDC-42A3-9474-1A3956D46DE8}") = "src", "src", "{CA0444D6-11FC-4114-9B44-2FC9169A0920}"
EndProject
Project("{FAE04EC0-301F-11D3-BF4B-00C04F79EFBC}") = "Payment.Infrastructure", "src\Payement.Infrastructure\Payment.Infrastructure.csproj", "{617786FF-7400-465E-B040-8E68F2B4E8EA}"
EndProject
Project("{FAE04EC0-301F-11D3-BF4B-00C04F79EFBC}") = "Payment.Api", "src\Payment.Api\Payment.Api.csproj", "{4C897D3B-1A39-4A95-8B03-152A0578F8C7}"
EndProject
Project("{FAE04EC0-301F-11D3-BF4B-00C04F79EFBC}") = "Payment.Application", "src\Payment.Application\Payment.Application.csproj", "{92B8CA9A-C80C-49ED-A8BA-FABE6CA9DAA0}"
EndProject
Project("{FAE04EC0-301F-11D3-BF4B-00C04F79EFBC}") = "Payment.CrossCutting", "src\Payment.CrossCutting\Payment.CrossCutting.csproj", "{B0057C74-8AB6-4AE4-BB0B-42BBA243FE74}"
EndProject
Project("{FAE04EC0-301F-11D3-BF4B-00C04F79EFBC}") = "Payment.Domain", "src\Payment.Domain\Payment.Domain.csproj", "{A115882E-C14D-45EF-8C12-35D9E44B4E9A}"
EndProject
Project("{FAE04EC0-301F-11D3-BF4B-00C04F79EFBC}") = "Payment.Test", "test\Payment.Test\Payment.Test.csproj", "{8F3A0387-9769-4ADE-A725-C4B9859FB551}"
EndProject
Project("{2150E333-8FDC-42A3-9474-1A3956D46DE8}") = "test", "test", "{E51D9ED1-FFDD-499F-9A1F-EADAF2D0A292}"
EndProject
Global
	GlobalSection(SolutionConfigurationPlatforms) = preSolution
		Debug|Any CPU = Debug|Any CPU
		Release|Any CPU = Release|Any CPU
	EndGlobalSection
	GlobalSection(ProjectConfigurationPlatforms) = postSolution
		{617786FF-7400-465E-B040-8E68F2B4E8EA}.Debug|Any CPU.ActiveCfg = Debug|Any CPU
		{617786FF-7400-465E-B040-8E68F2B4E8EA}.Debug|Any CPU.Build.0 = Debug|Any CPU
		{617786FF-7400-465E-B040-8E68F2B4E8EA}.Release|Any CPU.ActiveCfg = Release|Any CPU
		{617786FF-7400-465E-B040-8E68F2B4E8EA}.Release|Any CPU.Build.0 = Release|Any CPU
		{4C897D3B-1A39-4A95-8B03-152A0578F8C7}.Debug|Any CPU.ActiveCfg = Debug|Any CPU
		{4C897D3B-1A39-4A95-8B03-152A0578F8C7}.Debug|Any CPU.Build.0 = Debug|Any CPU
		{4C897D3B-1A39-4A95-8B03-152A0578F8C7}.Release|Any CPU.ActiveCfg = Release|Any CPU
		{4C897D3B-1A39-4A95-8B03-152A0578F8C7}.Release|Any CPU.Build.0 = Release|Any CPU
		{92B8CA9A-C80C-49ED-A8BA-FABE6CA9DAA0}.Debug|Any CPU.ActiveCfg = Debug|Any CPU
		{92B8CA9A-C80C-49ED-A8BA-FABE6CA9DAA0}.Debug|Any CPU.Build.0 = Debug|Any CPU
		{92B8CA9A-C80C-49ED-A8BA-FABE6CA9DAA0}.Release|Any CPU.ActiveCfg = Release|Any CPU
		{92B8CA9A-C80C-49ED-A8BA-FABE6CA9DAA0}.Release|Any CPU.Build.0 = Release|Any CPU
		{B0057C74-8AB6-4AE4-BB0B-42BBA243FE74}.Debug|Any CPU.ActiveCfg = Debug|Any CPU
		{B0057C74-8AB6-4AE4-BB0B-42BBA243FE74}.Debug|Any CPU.Build.0 = Debug|Any CPU
		{B0057C74-8AB6-4AE4-BB0B-42BBA243FE74}.Release|Any CPU.ActiveCfg = Release|Any CPU
		{B0057C74-8AB6-4AE4-BB0B-42BBA243FE74}.Release|Any CPU.Build.0 = Release|Any CPU
		{A115882E-C14D-45EF-8C12-35D9E44B4E9A}.Debug|Any CPU.ActiveCfg = Debug|Any CPU
		{A115882E-C14D-45EF-8C12-35D9E44B4E9A}.Debug|Any CPU.Build.0 = Debug|Any CPU
		{A115882E-C14D-45EF-8C12-35D9E44B4E9A}.Release|Any CPU.ActiveCfg = Release|Any CPU
		{A115882E-C14D-45EF-8C12-35D9E44B4E9A}.Release|Any CPU.Build.0 = Release|Any CPU
		{8F3A0387-9769-4ADE-A725-C4B9859FB551}.Debug|Any CPU.ActiveCfg = Debug|Any CPU
		{8F3A0387-9769-4ADE-A725-C4B9859FB551}.Debug|Any CPU.Build.0 = Debug|Any CPU
		{8F3A0387-9769-4ADE-A725-C4B9859FB551}.Release|Any CPU.ActiveCfg = Release|Any CPU
		{8F3A0387-9769-4ADE-A725-C4B9859FB551}.Release|Any CPU.Build.0 = Release|Any CPU
	EndGlobalSection
	GlobalSection(SolutionProperties) = preSolution
		HideSolutionNode = FALSE
	EndGlobalSection
	GlobalSection(ExtensibilityGlobals) = postSolution
		SolutionGuid = {0EFEBDEE-0E3D-4452-9C92-CAD29C0399CC}
	EndGlobalSection
	GlobalSection(NestedProjects) = preSolution
		{617786FF-7400-465E-B040-8E68F2B4E8EA} = {CA0444D6-11FC-4114-9B44-2FC9169A0920}
		{4C897D3B-1A39-4A95-8B03-152A0578F8C7} = {CA0444D6-11FC-4114-9B44-2FC9169A0920}
		{92B8CA9A-C80C-49ED-A8BA-FABE6CA9DAA0} = {CA0444D6-11FC-4114-9B44-2FC9169A0920}
		{B0057C74-8AB6-4AE4-BB0B-42BBA243FE74} = {CA0444D6-11FC-4114-9B44-2FC9169A0920}
		{A115882E-C14D-45EF-8C12-35D9E44B4E9A} = {CA0444D6-11FC-4114-9B44-2FC9169A0920}
		{8F3A0387-9769-4ADE-A725-C4B9859FB551} = {E51D9ED1-FFDD-499F-9A1F-EADAF2D0A292}
	EndGlobalSection
EndGlobal
